
Microsoft Visual Studio Solution File, Format Version 12.00
# Visual Studio Version 16
VisualStudioVersion = 16.0.32510.428
MinimumVisualStudioVersion = 10.0.40219.1
Project("{FAE04EC0-301F-11D3-BF4B-00C04F79EFBC}") = "Course", "Course\Course.csproj", "{1B82CE9B-C170-4DBA-BBB9-6689659BFF7E}"
EndProject
Global
	GlobalSection(SolutionConfigurationPlatforms) = preSolution
		Debug|Any CPU = Debug|Any CPU
		Release|Any CPU = Release|Any CPU
	EndGlobalSection
	GlobalSection(ProjectConfigurationPlatforms) = postSolution
		{1B82CE9B-C170-4DBA-BBB9-6689659BFF7E}.Debug|Any CPU.ActiveCfg = Debug|Any CPU
		{1B82CE9B-C170-4DBA-BBB9-6689659BFF7E}.Debug|Any CPU.Build.0 = Debug|Any CPU
		{1B82CE9B-C170-4DBA-BBB9-6689659BFF7E}.Release|Any CPU.ActiveCfg = Release|Any CPU
		{1B82CE9B-C170-4DBA-BBB9-6689659BFF7E}.Release|Any CPU.Build.0 = Release|Any CPU
	EndGlobalSection
	GlobalSection(SolutionProperties) = preSolution
		HideSolutionNode = FALSE
	EndGlobalSection
	GlobalSection(ExtensibilityGlobals) = postSolution
		SolutionGuid = {FBE48A99-BE24-4C1A-9B30-B0347300C048}
	EndGlobalSection
EndGlobal
