
Microsoft Visual Studio Solution File, Format Version 12.00
# Visual Studio Version 16
VisualStudioVersion = 16.0.32510.428
MinimumVisualStudioVersion = 10.0.40219.1
Project("{FAE04EC0-301F-11D3-BF4B-00C04F79EFBC}") = "Course", "Course\Course.csproj", "{39CC29D4-D498-4BD6-8327-0E0E22406480}"
EndProject
Global
	GlobalSection(SolutionConfigurationPlatforms) = preSolution
		Debug|Any CPU = Debug|Any CPU
		Release|Any CPU = Release|Any CPU
	EndGlobalSection
	GlobalSection(ProjectConfigurationPlatforms) = postSolution
		{39CC29D4-D498-4BD6-8327-0E0E22406480}.Debug|Any CPU.ActiveCfg = Debug|Any CPU
		{39CC29D4-D498-4BD6-8327-0E0E22406480}.Debug|Any CPU.Build.0 = Debug|Any CPU
		{39CC29D4-D498-4BD6-8327-0E0E22406480}.Release|Any CPU.ActiveCfg = Release|Any CPU
		{39CC29D4-D498-4BD6-8327-0E0E22406480}.Release|Any CPU.Build.0 = Release|Any CPU
	EndGlobalSection
	GlobalSection(SolutionProperties) = preSolution
		HideSolutionNode = FALSE
	EndGlobalSection
	GlobalSection(ExtensibilityGlobals) = postSolution
		SolutionGuid = {DD25E5C8-F52D-421F-9950-9C6492D01F2F}
	EndGlobalSection
EndGlobal
